
Microsoft Visual Studio Solution File, Format Version 12.00
# Visual Studio Version 17
VisualStudioVersion = 17.9.34714.143
MinimumVisualStudioVersion = 10.0.40219.1
Project("{2150E333-8FDC-42A3-9474-1A3956D46DE8}") = "Services", "Services", "{91A5E630-4972-4A2C-BF43-884B93D063D0}"
EndProject
Project("{2150E333-8FDC-42A3-9474-1A3956D46DE8}") = "Catalog", "Catalog", "{C9B3D390-6930-41A7-B46C-216EA0A3608F}"
EndProject
Project("{9A19103F-16F7-4668-BE54-9A1E7A4F7556}") = "Catalog.API", "Services\Catalog\Catalog.API\Catalog.API.csproj", "{D233F1AC-8FDB-4920-9614-7A1B10DD76B6}"
EndProject
Project("{2150E333-8FDC-42A3-9474-1A3956D46DE8}") = "BuildingBlocks", "BuildingBlocks", "{A26F7A66-D824-43CD-A7BB-9ABB8259C715}"
EndProject
Project("{9A19103F-16F7-4668-BE54-9A1E7A4F7556}") = "BuildingBlocks", "BuildingBlocks\BuildingBlocks\BuildingBlocks.csproj", "{D3AE23C4-06E6-4A7B-BDDC-F1A5B84373C2}"
EndProject
Project("{E53339B2-1760-4266-BCC7-CA923CBCF16C}") = "docker-compose", "docker-compose.dcproj", "{46DC0278-1B52-4003-BE93-6A6FAA9AE9EE}"
EndProject
Project("{2150E333-8FDC-42A3-9474-1A3956D46DE8}") = "Basket", "Basket", "{38E51C14-9147-4DE1-98B8-233648762E16}"
EndProject
Project("{9A19103F-16F7-4668-BE54-9A1E7A4F7556}") = "Basket.API", "Services\Basket\Basket.API\Basket.API.csproj", "{72CE4C67-4473-40F2-A090-3EF96593364B}"
EndProject
Project("{2150E333-8FDC-42A3-9474-1A3956D46DE8}") = "Discount", "Discount", "{784616B0-86CA-47B1-9778-DDF5A31CBDFA}"
EndProject
Project("{9A19103F-16F7-4668-BE54-9A1E7A4F7556}") = "Discount.Grpc", "Services\Discount\Discount.Grpc\Discount.Grpc.csproj", "{C1414FDB-AD99-4C1A-94D8-062F3459FD22}"
EndProject
Project("{2150E333-8FDC-42A3-9474-1A3956D46DE8}") = "Ordering", "Ordering", "{42B2D724-B8DE-465E-8E32-62DCAC44C225}"
EndProject
Project("{9A19103F-16F7-4668-BE54-9A1E7A4F7556}") = "Ordering.API", "Services\Ordering\Ordering.API\Ordering.API.csproj", "{52737593-9538-4683-9F19-266E7D601929}"
EndProject
Project("{FAE04EC0-301F-11D3-BF4B-00C04F79EFBC}") = "Ordering.Domain", "..\Ordering.Domain\Ordering.Domain.csproj", "{778D141B-71BA-4A6D-B2C2-8613AF78BFF1}"
EndProject
Project("{FAE04EC0-301F-11D3-BF4B-00C04F79EFBC}") = "Ordering.Application", "Services\Ordering\Ordering.Application\Ordering.Application.csproj", "{85A285BD-6D5B-4538-A799-2B3E9E7EFDFA}"
EndProject
Project("{FAE04EC0-301F-11D3-BF4B-00C04F79EFBC}") = "Ordering.Infrastructure", "..\Ordering.Infrastructure\Ordering.Infrastructure.csproj", "{46D7A941-4CC2-4C9C-A375-46DF2D39D60C}"
EndProject
Global
	GlobalSection(SolutionConfigurationPlatforms) = preSolution
		Debug|Any CPU = Debug|Any CPU
		Release|Any CPU = Release|Any CPU
	EndGlobalSection
	GlobalSection(ProjectConfigurationPlatforms) = postSolution
		{D233F1AC-8FDB-4920-9614-7A1B10DD76B6}.Debug|Any CPU.ActiveCfg = Debug|Any CPU
		{D233F1AC-8FDB-4920-9614-7A1B10DD76B6}.Debug|Any CPU.Build.0 = Debug|Any CPU
		{D233F1AC-8FDB-4920-9614-7A1B10DD76B6}.Release|Any CPU.ActiveCfg = Release|Any CPU
		{D233F1AC-8FDB-4920-9614-7A1B10DD76B6}.Release|Any CPU.Build.0 = Release|Any CPU
		{D3AE23C4-06E6-4A7B-BDDC-F1A5B84373C2}.Debug|Any CPU.ActiveCfg = Debug|Any CPU
		{D3AE23C4-06E6-4A7B-BDDC-F1A5B84373C2}.Debug|Any CPU.Build.0 = Debug|Any CPU
		{D3AE23C4-06E6-4A7B-BDDC-F1A5B84373C2}.Release|Any CPU.ActiveCfg = Release|Any CPU
		{D3AE23C4-06E6-4A7B-BDDC-F1A5B84373C2}.Release|Any CPU.Build.0 = Release|Any CPU
		{46DC0278-1B52-4003-BE93-6A6FAA9AE9EE}.Debug|Any CPU.ActiveCfg = Debug|Any CPU
		{46DC0278-1B52-4003-BE93-6A6FAA9AE9EE}.Debug|Any CPU.Build.0 = Debug|Any CPU
		{46DC0278-1B52-4003-BE93-6A6FAA9AE9EE}.Release|Any CPU.ActiveCfg = Release|Any CPU
		{46DC0278-1B52-4003-BE93-6A6FAA9AE9EE}.Release|Any CPU.Build.0 = Release|Any CPU
		{72CE4C67-4473-40F2-A090-3EF96593364B}.Debug|Any CPU.ActiveCfg = Debug|Any CPU
		{72CE4C67-4473-40F2-A090-3EF96593364B}.Debug|Any CPU.Build.0 = Debug|Any CPU
		{72CE4C67-4473-40F2-A090-3EF96593364B}.Release|Any CPU.ActiveCfg = Release|Any CPU
		{72CE4C67-4473-40F2-A090-3EF96593364B}.Release|Any CPU.Build.0 = Release|Any CPU
		{C1414FDB-AD99-4C1A-94D8-062F3459FD22}.Debug|Any CPU.ActiveCfg = Debug|Any CPU
		{C1414FDB-AD99-4C1A-94D8-062F3459FD22}.Debug|Any CPU.Build.0 = Debug|Any CPU
		{C1414FDB-AD99-4C1A-94D8-062F3459FD22}.Release|Any CPU.ActiveCfg = Release|Any CPU
		{C1414FDB-AD99-4C1A-94D8-062F3459FD22}.Release|Any CPU.Build.0 = Release|Any CPU
		{52737593-9538-4683-9F19-266E7D601929}.Debug|Any CPU.ActiveCfg = Debug|Any CPU
		{52737593-9538-4683-9F19-266E7D601929}.Debug|Any CPU.Build.0 = Debug|Any CPU
		{52737593-9538-4683-9F19-266E7D601929}.Release|Any CPU.ActiveCfg = Release|Any CPU
		{52737593-9538-4683-9F19-266E7D601929}.Release|Any CPU.Build.0 = Release|Any CPU
		{778D141B-71BA-4A6D-B2C2-8613AF78BFF1}.Debug|Any CPU.ActiveCfg = Debug|Any CPU
		{778D141B-71BA-4A6D-B2C2-8613AF78BFF1}.Debug|Any CPU.Build.0 = Debug|Any CPU
		{778D141B-71BA-4A6D-B2C2-8613AF78BFF1}.Release|Any CPU.ActiveCfg = Release|Any CPU
		{778D141B-71BA-4A6D-B2C2-8613AF78BFF1}.Release|Any CPU.Build.0 = Release|Any CPU
		{85A285BD-6D5B-4538-A799-2B3E9E7EFDFA}.Debug|Any CPU.ActiveCfg = Debug|Any CPU
		{85A285BD-6D5B-4538-A799-2B3E9E7EFDFA}.Debug|Any CPU.Build.0 = Debug|Any CPU
		{85A285BD-6D5B-4538-A799-2B3E9E7EFDFA}.Release|Any CPU.ActiveCfg = Release|Any CPU
		{85A285BD-6D5B-4538-A799-2B3E9E7EFDFA}.Release|Any CPU.Build.0 = Release|Any CPU
		{46D7A941-4CC2-4C9C-A375-46DF2D39D60C}.Debug|Any CPU.ActiveCfg = Debug|Any CPU
		{46D7A941-4CC2-4C9C-A375-46DF2D39D60C}.Debug|Any CPU.Build.0 = Debug|Any CPU
		{46D7A941-4CC2-4C9C-A375-46DF2D39D60C}.Release|Any CPU.ActiveCfg = Release|Any CPU
		{46D7A941-4CC2-4C9C-A375-46DF2D39D60C}.Release|Any CPU.Build.0 = Release|Any CPU
	EndGlobalSection
	GlobalSection(SolutionProperties) = preSolution
		HideSolutionNode = FALSE
	EndGlobalSection
	GlobalSection(NestedProjects) = preSolution
		{C9B3D390-6930-41A7-B46C-216EA0A3608F} = {91A5E630-4972-4A2C-BF43-884B93D063D0}
		{D233F1AC-8FDB-4920-9614-7A1B10DD76B6} = {C9B3D390-6930-41A7-B46C-216EA0A3608F}
		{D3AE23C4-06E6-4A7B-BDDC-F1A5B84373C2} = {A26F7A66-D824-43CD-A7BB-9ABB8259C715}
		{38E51C14-9147-4DE1-98B8-233648762E16} = {91A5E630-4972-4A2C-BF43-884B93D063D0}
		{72CE4C67-4473-40F2-A090-3EF96593364B} = {38E51C14-9147-4DE1-98B8-233648762E16}
		{784616B0-86CA-47B1-9778-DDF5A31CBDFA} = {91A5E630-4972-4A2C-BF43-884B93D063D0}
		{C1414FDB-AD99-4C1A-94D8-062F3459FD22} = {784616B0-86CA-47B1-9778-DDF5A31CBDFA}
		{42B2D724-B8DE-465E-8E32-62DCAC44C225} = {91A5E630-4972-4A2C-BF43-884B93D063D0}
		{52737593-9538-4683-9F19-266E7D601929} = {42B2D724-B8DE-465E-8E32-62DCAC44C225}
		{778D141B-71BA-4A6D-B2C2-8613AF78BFF1} = {42B2D724-B8DE-465E-8E32-62DCAC44C225}
		{85A285BD-6D5B-4538-A799-2B3E9E7EFDFA} = {42B2D724-B8DE-465E-8E32-62DCAC44C225}
		{46D7A941-4CC2-4C9C-A375-46DF2D39D60C} = {42B2D724-B8DE-465E-8E32-62DCAC44C225}
	EndGlobalSection
	GlobalSection(ExtensibilityGlobals) = postSolution
		SolutionGuid = {96EB4C94-338F-4EDE-B665-4A17F16B46AF}
	EndGlobalSection
EndGlobal
